
Microsoft Visual Studio Solution File, Format Version 12.00
Project("{2150E333-8FDC-42A3-9474-1A3956D46DE8}") = "by Elvis Trupja", "by Elvis Trupja", "{96B1F905-8508-4983-B0F5-956FB5D56CE5}"
EndProject
Project("{FAE04EC0-301F-11D3-BF4B-00C04F79EFBC}") = "EasyLearning", "EasyLearning\EasyLearning.csproj", "{B59C59CE-499C-4C12-B09F-F424556F44BC}"
EndProject
Project("{2150E333-8FDC-42A3-9474-1A3956D46DE8}") = "by Jeremes Likness", "by Jeremes Likness", "{FE9D9545-7F0E-416D-85A2-178D38C082F2}"
EndProject
Project("{FAE04EC0-301F-11D3-BF4B-00C04F79EFBC}") = "RecipesApp", "RecipesApp\RecipesApp.csproj", "{06CAD075-1C24-4A1B-A3BB-247D71D07EE2}"
EndProject
Project("{2150E333-8FDC-42A3-9474-1A3956D46DE8}") = "by Hotchocolate Workshops", "by Hotchocolate Workshops", "{6EA90E33-E8A1-4659-A930-FF53227ACD89}"
EndProject
Project("{FAE04EC0-301F-11D3-BF4B-00C04F79EFBC}") = "N1_BasicGraphQL", "N1_BasicGraphQL\N1_BasicGraphQL.csproj", "{EBAD6815-7D04-4645-B1EF-4C1A48890D5E}"
EndProject
Project("{FAE04EC0-301F-11D3-BF4B-00C04F79EFBC}") = "N2_NullabilityControl", "N2_NullabilityControl\N2_NullabilityControl.csproj", "{63AAC037-F7CC-4E2F-B0FF-5720B9D4A135}"
EndProject
Project("{FAE04EC0-301F-11D3-BF4B-00C04F79EFBC}") = "N3_UnderstandingQuery", "N3_UnderstandingQuery\N3_UnderstandingQuery.csproj", "{0D82CE32-6816-4511-BF97-0BE37C6F1E3A}"
EndProject
Project("{FAE04EC0-301F-11D3-BF4B-00C04F79EFBC}") = "SchemaDesign", "SchemaDesign\SchemaDesign.csproj", "{5E980679-3DB6-40EA-ACCA-78FA6EB0D0D5}"
EndProject
Project("{FAE04EC0-301F-11D3-BF4B-00C04F79EFBC}") = "UnderstandingMiddleware", "UnderstandingMiddleware\UnderstandingMiddleware.csproj", "{EB1072FB-B034-4558-BB73-5A5792269081}"
EndProject
Project("{FAE04EC0-301F-11D3-BF4B-00C04F79EFBC}") = "AddingComplexFilter", "AddingComplexFilter\AddingComplexFilter.csproj", "{1B237FE3-CE16-4552-AD70-2ABE9007389F}"
EndProject
Project("{FAE04EC0-301F-11D3-BF4B-00C04F79EFBC}") = "RealTimeFunctionalities", "RealTimeFunctionalities\RealTimeFunctionalities.csproj", "{4AA3FA70-2D87-4D4A-9490-6ED27B6854C1}"
EndProject
Project("{FAE04EC0-301F-11D3-BF4B-00C04F79EFBC}") = "TestingGraphQL", "TestingGraphQL\TestingGraphQL.csproj", "{8ECC918C-799D-40F8-8F1A-EB4FC6402A6F}"
EndProject
Global
	GlobalSection(SolutionConfigurationPlatforms) = preSolution
		Debug|Any CPU = Debug|Any CPU
		Release|Any CPU = Release|Any CPU
	EndGlobalSection
	GlobalSection(NestedProjects) = preSolution
		{B59C59CE-499C-4C12-B09F-F424556F44BC} = {96B1F905-8508-4983-B0F5-956FB5D56CE5}
		{06CAD075-1C24-4A1B-A3BB-247D71D07EE2} = {FE9D9545-7F0E-416D-85A2-178D38C082F2}
		{EBAD6815-7D04-4645-B1EF-4C1A48890D5E} = {6EA90E33-E8A1-4659-A930-FF53227ACD89}
		{63AAC037-F7CC-4E2F-B0FF-5720B9D4A135} = {6EA90E33-E8A1-4659-A930-FF53227ACD89}
		{0D82CE32-6816-4511-BF97-0BE37C6F1E3A} = {6EA90E33-E8A1-4659-A930-FF53227ACD89}
		{5E980679-3DB6-40EA-ACCA-78FA6EB0D0D5} = {6EA90E33-E8A1-4659-A930-FF53227ACD89}
		{EB1072FB-B034-4558-BB73-5A5792269081} = {6EA90E33-E8A1-4659-A930-FF53227ACD89}
		{1B237FE3-CE16-4552-AD70-2ABE9007389F} = {6EA90E33-E8A1-4659-A930-FF53227ACD89}
		{4AA3FA70-2D87-4D4A-9490-6ED27B6854C1} = {6EA90E33-E8A1-4659-A930-FF53227ACD89}
		{8ECC918C-799D-40F8-8F1A-EB4FC6402A6F} = {6EA90E33-E8A1-4659-A930-FF53227ACD89}
	EndGlobalSection
	GlobalSection(ProjectConfigurationPlatforms) = postSolution
		{B59C59CE-499C-4C12-B09F-F424556F44BC}.Debug|Any CPU.ActiveCfg = Debug|Any CPU
		{B59C59CE-499C-4C12-B09F-F424556F44BC}.Debug|Any CPU.Build.0 = Debug|Any CPU
		{B59C59CE-499C-4C12-B09F-F424556F44BC}.Release|Any CPU.ActiveCfg = Release|Any CPU
		{B59C59CE-499C-4C12-B09F-F424556F44BC}.Release|Any CPU.Build.0 = Release|Any CPU
		{06CAD075-1C24-4A1B-A3BB-247D71D07EE2}.Debug|Any CPU.ActiveCfg = Debug|Any CPU
		{06CAD075-1C24-4A1B-A3BB-247D71D07EE2}.Debug|Any CPU.Build.0 = Debug|Any CPU
		{06CAD075-1C24-4A1B-A3BB-247D71D07EE2}.Release|Any CPU.ActiveCfg = Release|Any CPU
		{06CAD075-1C24-4A1B-A3BB-247D71D07EE2}.Release|Any CPU.Build.0 = Release|Any CPU
		{EBAD6815-7D04-4645-B1EF-4C1A48890D5E}.Debug|Any CPU.ActiveCfg = Debug|Any CPU
		{EBAD6815-7D04-4645-B1EF-4C1A48890D5E}.Debug|Any CPU.Build.0 = Debug|Any CPU
		{EBAD6815-7D04-4645-B1EF-4C1A48890D5E}.Release|Any CPU.ActiveCfg = Release|Any CPU
		{EBAD6815-7D04-4645-B1EF-4C1A48890D5E}.Release|Any CPU.Build.0 = Release|Any CPU
		{63AAC037-F7CC-4E2F-B0FF-5720B9D4A135}.Debug|Any CPU.ActiveCfg = Debug|Any CPU
		{63AAC037-F7CC-4E2F-B0FF-5720B9D4A135}.Debug|Any CPU.Build.0 = Debug|Any CPU
		{63AAC037-F7CC-4E2F-B0FF-5720B9D4A135}.Release|Any CPU.ActiveCfg = Release|Any CPU
		{63AAC037-F7CC-4E2F-B0FF-5720B9D4A135}.Release|Any CPU.Build.0 = Release|Any CPU
		{0D82CE32-6816-4511-BF97-0BE37C6F1E3A}.Debug|Any CPU.ActiveCfg = Debug|Any CPU
		{0D82CE32-6816-4511-BF97-0BE37C6F1E3A}.Debug|Any CPU.Build.0 = Debug|Any CPU
		{0D82CE32-6816-4511-BF97-0BE37C6F1E3A}.Release|Any CPU.ActiveCfg = Release|Any CPU
		{0D82CE32-6816-4511-BF97-0BE37C6F1E3A}.Release|Any CPU.Build.0 = Release|Any CPU
		{5E980679-3DB6-40EA-ACCA-78FA6EB0D0D5}.Debug|Any CPU.ActiveCfg = Debug|Any CPU
		{5E980679-3DB6-40EA-ACCA-78FA6EB0D0D5}.Debug|Any CPU.Build.0 = Debug|Any CPU
		{5E980679-3DB6-40EA-ACCA-78FA6EB0D0D5}.Release|Any CPU.ActiveCfg = Release|Any CPU
		{5E980679-3DB6-40EA-ACCA-78FA6EB0D0D5}.Release|Any CPU.Build.0 = Release|Any CPU
		{EB1072FB-B034-4558-BB73-5A5792269081}.Debug|Any CPU.ActiveCfg = Debug|Any CPU
		{EB1072FB-B034-4558-BB73-5A5792269081}.Debug|Any CPU.Build.0 = Debug|Any CPU
		{EB1072FB-B034-4558-BB73-5A5792269081}.Release|Any CPU.ActiveCfg = Release|Any CPU
		{EB1072FB-B034-4558-BB73-5A5792269081}.Release|Any CPU.Build.0 = Release|Any CPU
		{1B237FE3-CE16-4552-AD70-2ABE9007389F}.Debug|Any CPU.ActiveCfg = Debug|Any CPU
		{1B237FE3-CE16-4552-AD70-2ABE9007389F}.Debug|Any CPU.Build.0 = Debug|Any CPU
		{1B237FE3-CE16-4552-AD70-2ABE9007389F}.Release|Any CPU.ActiveCfg = Release|Any CPU
		{1B237FE3-CE16-4552-AD70-2ABE9007389F}.Release|Any CPU.Build.0 = Release|Any CPU
		{4AA3FA70-2D87-4D4A-9490-6ED27B6854C1}.Debug|Any CPU.ActiveCfg = Debug|Any CPU
		{4AA3FA70-2D87-4D4A-9490-6ED27B6854C1}.Debug|Any CPU.Build.0 = Debug|Any CPU
		{4AA3FA70-2D87-4D4A-9490-6ED27B6854C1}.Release|Any CPU.ActiveCfg = Release|Any CPU
		{4AA3FA70-2D87-4D4A-9490-6ED27B6854C1}.Release|Any CPU.Build.0 = Release|Any CPU
		{8ECC918C-799D-40F8-8F1A-EB4FC6402A6F}.Debug|Any CPU.ActiveCfg = Debug|Any CPU
		{8ECC918C-799D-40F8-8F1A-EB4FC6402A6F}.Debug|Any CPU.Build.0 = Debug|Any CPU
		{8ECC918C-799D-40F8-8F1A-EB4FC6402A6F}.Release|Any CPU.ActiveCfg = Release|Any CPU
		{8ECC918C-799D-40F8-8F1A-EB4FC6402A6F}.Release|Any CPU.Build.0 = Release|Any CPU
	EndGlobalSection
EndGlobal
